
Microsoft Visual Studio Solution File, Format Version 12.00
# Visual Studio Version 17
VisualStudioVersion = 17.5.33516.290
MinimumVisualStudioVersion = 10.0.40219.1
Project("{FAE04EC0-301F-11D3-BF4B-00C04F79EFBC}") = "SheetSwitcher", "SheetSwitcher\SheetSwitcher.csproj", "{D94A8449-E7E8-4AF1-A4DC-7E194D4D6A3C}"
EndProject
Project("{FAE04EC0-301F-11D3-BF4B-00C04F79EFBC}") = "SheetSwitcherWeb", "SheetSwitcherWeb\SheetSwitcherWeb.csproj", "{B8DE6680-49F5-4AE8-AFE2-59581F5E59F6}"
EndProject
Global
	GlobalSection(SolutionConfigurationPlatforms) = preSolution
		Debug|Any CPU = Debug|Any CPU
		Release|Any CPU = Release|Any CPU
	EndGlobalSection
	GlobalSection(ProjectConfigurationPlatforms) = postSolution
		{D94A8449-E7E8-4AF1-A4DC-7E194D4D6A3C}.Debug|Any CPU.ActiveCfg = Debug|Any CPU
		{D94A8449-E7E8-4AF1-A4DC-7E194D4D6A3C}.Debug|Any CPU.Build.0 = Debug|Any CPU
		{D94A8449-E7E8-4AF1-A4DC-7E194D4D6A3C}.Debug|Any CPU.Deploy.0 = Debug|Any CPU
		{D94A8449-E7E8-4AF1-A4DC-7E194D4D6A3C}.Release|Any CPU.ActiveCfg = Release|Any CPU
		{D94A8449-E7E8-4AF1-A4DC-7E194D4D6A3C}.Release|Any CPU.Build.0 = Release|Any CPU
		{D94A8449-E7E8-4AF1-A4DC-7E194D4D6A3C}.Release|Any CPU.Deploy.0 = Release|Any CPU
		{B8DE6680-49F5-4AE8-AFE2-59581F5E59F6}.Debug|Any CPU.ActiveCfg = Debug|Any CPU
		{B8DE6680-49F5-4AE8-AFE2-59581F5E59F6}.Debug|Any CPU.Build.0 = Debug|Any CPU
		{B8DE6680-49F5-4AE8-AFE2-59581F5E59F6}.Release|Any CPU.ActiveCfg = Release|Any CPU
		{B8DE6680-49F5-4AE8-AFE2-59581F5E59F6}.Release|Any CPU.Build.0 = Release|Any CPU
	EndGlobalSection
	GlobalSection(SolutionProperties) = preSolution
		HideSolutionNode = FALSE
	EndGlobalSection
	GlobalSection(ExtensibilityGlobals) = postSolution
		SolutionGuid = {5EE33006-A59B-4F30-A62F-4AFDD5A6A878}
	EndGlobalSection
EndGlobal
